
Microsoft Visual Studio Solution File, Format Version 12.00
# Visual Studio Version 16
VisualStudioVersion = 16.0.30406.217
MinimumVisualStudioVersion = 10.0.40219.1
Project("{FAE04EC0-301F-11D3-BF4B-00C04F79EFBC}") = "WorkersAndResourcesModEditor", "WorkersAndResourcesModEditor\WorkersAndResourcesModEditor.csproj", "{3AD5B48B-38DC-4905-88F1-12459D63F6C5}"
EndProject
Global
	GlobalSection(SolutionConfigurationPlatforms) = preSolution
		Debug|Any CPU = Debug|Any CPU
		Release|Any CPU = Release|Any CPU
	EndGlobalSection
	GlobalSection(ProjectConfigurationPlatforms) = postSolution
		{3AD5B48B-38DC-4905-88F1-12459D63F6C5}.Debug|Any CPU.ActiveCfg = Debug|Any CPU
		{3AD5B48B-38DC-4905-88F1-12459D63F6C5}.Debug|Any CPU.Build.0 = Debug|Any CPU
		{3AD5B48B-38DC-4905-88F1-12459D63F6C5}.Release|Any CPU.ActiveCfg = Release|Any CPU
		{3AD5B48B-38DC-4905-88F1-12459D63F6C5}.Release|Any CPU.Build.0 = Release|Any CPU
	EndGlobalSection
	GlobalSection(SolutionProperties) = preSolution
		HideSolutionNode = FALSE
	EndGlobalSection
	GlobalSection(ExtensibilityGlobals) = postSolution
		SolutionGuid = {2CC5EC87-0A3B-4BA1-8F2A-921566BB75CB}
	EndGlobalSection
EndGlobal
